<?xml version="1.0" encoding="utf-8"?>
<Project ToolsVersion="4.0" xmlns="http://schemas.microsoft.com/developer/msbuild/2003">
  <ItemGroup>
    <Filter Include="Engine">
      <UniqueIdentifier>{ddf2c246-8668-4705-85e6-f7337021db3a}</UniqueIdentifier>
    </Filter>
    <Filter Include="Client">
      <UniqueIdentifier>{71044aaf-109c-403e-b633-17f2fa32038d}</UniqueIdentifier>
    </Filter>
    <Filter Include="Engine\Application">
      <UniqueIdentifier>{5438d05d-f40e-4192-9ac2-aa67329757d2}</UniqueIdentifier>
    </Filter>
    <Filter Include="Client\Entity">
      <UniqueIdentifier>{3892d68d-71fc-4274-90f7-1b5c783dc688}</UniqueIdentifier>
    </Filter>
    <Filter Include="Main">
      <UniqueIdentifier>{073be299-82c4-46b6-88e6-1db28b9f8989}</UniqueIdentifier>
    </Filter>
    <Filter Include="Main\리소스 파일">
      <UniqueIdentifier>{67DA6AB6-F800-4c08-8B7A-83BB121AAD01}</UniqueIdentifier>
      <Extensions>rc;ico;cur;bmp;dlg;rc2;rct;bin;rgs;gif;jpg;jpeg;jpe;resx;tiff;tif;png;wav;mfcribbon-ms</Extensions>
    </Filter>
    <Filter Include="Main\소스 파일">
      <UniqueIdentifier>{4FC737F1-C7A5-4376-A066-2A32D752A2FF}</UniqueIdentifier>
      <Extensions>cpp;c;cc;cxx;c++;cppm;ixx;def;odl;idl;hpj;bat;asm;asmx</Extensions>
    </Filter>
    <Filter Include="Main\헤더 파일">
      <UniqueIdentifier>{93995380-89BD-4b04-88EB-625FBE52EBFB}</UniqueIdentifier>
      <Extensions>h;hh;hpp;hxx;h++;hm;inl;inc;ipp;xsd</Extensions>
    </Filter>
    <Filter Include="Manager">
      <UniqueIdentifier>{2d146560-323c-41c3-a967-6979abb7804e}</UniqueIdentifier>
    </Filter>
    <Filter Include="Client\Scene">
      <UniqueIdentifier>{32cd26e4-7072-4047-80a3-5aabd7936a09}</UniqueIdentifier>
    </Filter>
    <Filter Include="Manager\SceneManager">
      <UniqueIdentifier>{0c29a4ff-8a96-4103-bc1f-2a6661e4cba5}</UniqueIdentifier>
    </Filter>
    <Filter Include="Client\GameObject">
      <UniqueIdentifier>{1db527cf-3a24-448b-9988-a1ee0d2d4e0c}</UniqueIdentifier>
    </Filter>
    <Filter Include="Client\Scene\LogoScene">
      <UniqueIdentifier>{2e82d0b9-8a62-4aa9-99d6-7a68e598c6e3}</UniqueIdentifier>
    </Filter>
    <Filter Include="Client\GameObject\Player">
      <UniqueIdentifier>{075ddd2e-c049-4d28-a105-f90f42e5b548}</UniqueIdentifier>
    </Filter>
    <Filter Include="Manager\TimeManager">
      <UniqueIdentifier>{ca4aab92-9626-4b00-b02d-dea373b61718}</UniqueIdentifier>
    </Filter>
    <Filter Include="Manager\InputManager">
      <UniqueIdentifier>{9fe3beed-e1e8-4986-a4ca-6c55ded0b612}</UniqueIdentifier>
    </Filter>
    <Filter Include="Client\GameObject\Missile">
      <UniqueIdentifier>{77860d67-84c8-4022-b2f6-9d260a4f40ee}</UniqueIdentifier>
    </Filter>
  </ItemGroup>
  <ItemGroup>
    <ClInclude Include="framework.h">
      <Filter>Main\헤더 파일</Filter>
    </ClInclude>
    <ClInclude Include="targetver.h">
      <Filter>Main\헤더 파일</Filter>
    </ClInclude>
    <ClInclude Include="Resource.h">
      <Filter>Main\헤더 파일</Filter>
    </ClInclude>
    <ClInclude Include="Winapi2.h">
      <Filter>Main\헤더 파일</Filter>
    </ClInclude>
    <ClInclude Include="Common.h">
      <Filter>Engine</Filter>
    </ClInclude>
    <ClInclude Include="Maths.h">
      <Filter>Engine</Filter>
    </ClInclude>
    <ClInclude Include="Application.h">
      <Filter>Engine\Application</Filter>
    </ClInclude>
    <ClInclude Include="Entity.h">
      <Filter>Client\Entity</Filter>
    </ClInclude>
    <ClInclude Include="Scene.h">
      <Filter>Client\Scene</Filter>
    </ClInclude>
    <ClInclude Include="Macro.h">
      <Filter>Engine</Filter>
    </ClInclude>
    <ClInclude Include="SceneManager.h">
      <Filter>Manager\SceneManager</Filter>
    </ClInclude>
    <ClInclude Include="define.h">
      <Filter>Engine</Filter>
    </ClInclude>
    <ClInclude Include="GameObject.h">
      <Filter>Client\GameObject</Filter>
    </ClInclude>
    <ClInclude Include="LogoScene.h">
      <Filter>Client\Scene\LogoScene</Filter>
    </ClInclude>
    <ClInclude Include="Player.h">
      <Filter>Client\GameObject\Player</Filter>
    </ClInclude>
    <ClInclude Include="TimeManager.h">
      <Filter>Manager\TimeManager</Filter>
    </ClInclude>
    <ClInclude Include="InputManager.h">
      <Filter>Manager\InputManager</Filter>
    </ClInclude>
    <ClInclude Include="Missile.h">
      <Filter>Client\GameObject\Missile</Filter>
    </ClInclude>
  </ItemGroup>
  <ItemGroup>
    <ClCompile Include="Winapi2.cpp">
      <Filter>Main\소스 파일</Filter>
    </ClCompile>
    <ClCompile Include="Application.cpp">
      <Filter>Engine\Application</Filter>
    </ClCompile>
    <ClCompile Include="Entity.cpp">
      <Filter>Client\Entity</Filter>
    </ClCompile>
    <ClCompile Include="Scene.cpp">
      <Filter>Client\Scene</Filter>
    </ClCompile>
    <ClCompile Include="SceneManager.cpp">
      <Filter>Manager\SceneManager</Filter>
    </ClCompile>
    <ClCompile Include="GameObject.cpp">
      <Filter>Client\GameObject</Filter>
    </ClCompile>
    <ClCompile Include="LogoScene.cpp">
      <Filter>Client\Scene\LogoScene</Filter>
    </ClCompile>
    <ClCompile Include="Player.cpp">
      <Filter>Client\GameObject\Player</Filter>
    </ClCompile>
    <ClCompile Include="TimeManager.cpp">
      <Filter>Manager\TimeManager</Filter>
    </ClCompile>
    <ClCompile Include="InputManager.cpp">
      <Filter>Manager\InputManager</Filter>
    </ClCompile>
    <ClCompile Include="Missile.cpp">
      <Filter>Client\GameObject\Missile</Filter>
    </ClCompile>
  </ItemGroup>
  <ItemGroup>
    <ResourceCompile Include="Winapi2.rc">
      <Filter>Main\리소스 파일</Filter>
    </ResourceCompile>
  </ItemGroup>
  <ItemGroup>
    <Image Include="small.ico">
      <Filter>Main\리소스 파일</Filter>
    </Image>
    <Image Include="Winapi2.ico">
      <Filter>Main\리소스 파일</Filter>
    </Image>
  </ItemGroup>
</Project>